// !$*UTF8*$!
{
	archiveVersion = 1;
	classes = {
	};
	objectVersion = 56;
	objects = {

/* Begin PBXBuildFile section */
		0AC20DCA2A89F3DD00B49F4B /* PhotoPickerApp.swift in Sources */ = {isa = PBXBuildFile; fileRef = 0AC20DC92A89F3DD00B49F4B /* PhotoPickerApp.swift */; };
		0AC20DCC2A89F3DD00B49F4B /* ContentView.swift in Sources */ = {isa = PBXBuildFile; fileRef = 0AC20DCB2A89F3DD00B49F4B /* ContentView.swift */; };
		0AC20DCE2A89F3E100B49F4B /* Assets.xcassets in Resources */ = {isa = PBXBuildFile; fileRef = 0AC20DCD2A89F3E100B49F4B /* Assets.xcassets */; };
		0AC20DD12A89F3E100B49F4B /* Preview Assets.xcassets in Resources */ = {isa = PBXBuildFile; fileRef = 0AC20DD02A89F3E100B49F4B /* Preview Assets.xcassets */; };
		0AC20DDA2A89F40000B49F4B /* ImagePickerUtil.swift in Sources */ = {isa = PBXBuildFile; fileRef = 0AC20DD92A89F40000B49F4B /* ImagePickerUtil.swift */; };
		0AC20DDC2A89F42E00B49F4B /* Home.swift in Sources */ = {isa = PBXBuildFile; fileRef = 0AC20DDB2A89F42E00B49F4B /* Home.swift */; };
		0AC20DDF2A89F46800B49F4B /* FirebaseAnalytics in Frameworks */ = {isa = PBXBuildFile; productRef = 0AC20DDE2A89F46800B49F4B /* FirebaseAnalytics */; };
		0AC20DE12A89F46800B49F4B /* FirebaseAnalyticsOnDeviceConversion in Frameworks */ = {isa = PBXBuildFile; productRef = 0AC20DE02A89F46800B49F4B /* FirebaseAnalyticsOnDeviceConversion */; };
		0AC20DE32A89F46800B49F4B /* FirebaseAnalyticsSwift in Frameworks */ = {isa = PBXBuildFile; productRef = 0AC20DE22A89F46800B49F4B /* FirebaseAnalyticsSwift */; };
		0AC20DE52A89F46800B49F4B /* FirebaseAnalyticsWithoutAdIdSupport in Frameworks */ = {isa = PBXBuildFile; productRef = 0AC20DE42A89F46800B49F4B /* FirebaseAnalyticsWithoutAdIdSupport */; };
		0AC20DE72A89F46800B49F4B /* FirebaseAppCheck in Frameworks */ = {isa = PBXBuildFile; productRef = 0AC20DE62A89F46800B49F4B /* FirebaseAppCheck */; };
		0AC20DE92A89F46800B49F4B /* FirebaseAppDistribution-Beta in Frameworks */ = {isa = PBXBuildFile; productRef = 0AC20DE82A89F46800B49F4B /* FirebaseAppDistribution-Beta */; };
		0AC20DEB2A89F46800B49F4B /* FirebaseAuth in Frameworks */ = {isa = PBXBuildFile; productRef = 0AC20DEA2A89F46800B49F4B /* FirebaseAuth */; };
		0AC20DED2A89F48900B49F4B /* GoogleService-Info.plist in Resources */ = {isa = PBXBuildFile; fileRef = 0AC20DEC2A89F48900B49F4B /* GoogleService-Info.plist */; };
		0AC20DF02A89FDC000B49F4B /* FirebaseAnalytics in Frameworks */ = {isa = PBXBuildFile; productRef = 0AC20DEF2A89FDC000B49F4B /* FirebaseAnalytics */; };
		0AC20DF22A89FDC000B49F4B /* FirebaseAnalyticsOnDeviceConversion in Frameworks */ = {isa = PBXBuildFile; productRef = 0AC20DF12A89FDC000B49F4B /* FirebaseAnalyticsOnDeviceConversion */; };
		0AC20DF42A89FDC000B49F4B /* FirebaseAnalyticsSwift in Frameworks */ = {isa = PBXBuildFile; productRef = 0AC20DF32A89FDC000B49F4B /* FirebaseAnalyticsSwift */; };
		0AC20DF62A89FDC000B49F4B /* FirebaseAnalyticsWithoutAdIdSupport in Frameworks */ = {isa = PBXBuildFile; productRef = 0AC20DF52A89FDC000B49F4B /* FirebaseAnalyticsWithoutAdIdSupport */; };
		0AC20DF82A89FDC000B49F4B /* FirebaseAppCheck in Frameworks */ = {isa = PBXBuildFile; productRef = 0AC20DF72A89FDC000B49F4B /* FirebaseAppCheck */; };
		0AC20DFA2A89FDC000B49F4B /* FirebaseAppDistribution-Beta in Frameworks */ = {isa = PBXBuildFile; productRef = 0AC20DF92A89FDC000B49F4B /* FirebaseAppDistribution-Beta */; };
		0AC20DFC2A89FDC000B49F4B /* FirebaseAuth in Frameworks */ = {isa = PBXBuildFile; productRef = 0AC20DFB2A89FDC000B49F4B /* FirebaseAuth */; };
		0AF73E1E2A8B3DC400629DD9 /* MultipleImagePicker.swift in Sources */ = {isa = PBXBuildFile; fileRef = 0AF73E1D2A8B3DC400629DD9 /* MultipleImagePicker.swift */; };
		0AF73E202A8B3DDD00629DD9 /* Parent.swift in Sources */ = {isa = PBXBuildFile; fileRef = 0AF73E1F2A8B3DDD00629DD9 /* Parent.swift */; };
		0AF73E222A8B3DEA00629DD9 /* SingleImagePickerScreen.swift in Sources */ = {isa = PBXBuildFile; fileRef = 0AF73E212A8B3DEA00629DD9 /* SingleImagePickerScreen.swift */; };
		0AF73E242A8B3DF300629DD9 /* MultipleImagePickerScreen.swift in Sources */ = {isa = PBXBuildFile; fileRef = 0AF73E232A8B3DF300629DD9 /* MultipleImagePickerScreen.swift */; };
/* End PBXBuildFile section */

/* Begin PBXFileReference section */
		0AC20DC62A89F3DD00B49F4B /* PhotoPicker.app */ = {isa = PBXFileReference; explicitFileType = wrapper.application; includeInIndex = 0; path = PhotoPicker.app; sourceTree = BUILT_PRODUCTS_DIR; };
		0AC20DC92A89F3DD00B49F4B /* PhotoPickerApp.swift */ = {isa = PBXFileReference; lastKnownFileType = sourcecode.swift; path = PhotoPickerApp.swift; sourceTree = "<group>"; };
		0AC20DCB2A89F3DD00B49F4B /* ContentView.swift */ = {isa = PBXFileReference; lastKnownFileType = sourcecode.swift; path = ContentView.swift; sourceTree = "<group>"; };
		0AC20DCD2A89F3E100B49F4B /* Assets.xcassets */ = {isa = PBXFileReference; lastKnownFileType = folder.assetcatalog; path = Assets.xcassets; sourceTree = "<group>"; };
		0AC20DD02A89F3E100B49F4B /* Preview Assets.xcassets */ = {isa = PBXFileReference; lastKnownFileType = folder.assetcatalog; path = "Preview Assets.xcassets"; sourceTree = "<group>"; };
		0AC20DD92A89F40000B49F4B /* ImagePickerUtil.swift */ = {isa = PBXFileReference; lastKnownFileType = sourcecode.swift; path = ImagePickerUtil.swift; sourceTree = "<group>"; };
		0AC20DDB2A89F42E00B49F4B /* Home.swift */ = {isa = PBXFileReference; lastKnownFileType = sourcecode.swift; path = Home.swift; sourceTree = "<group>"; };
		0AC20DEC2A89F48900B49F4B /* GoogleService-Info.plist */ = {isa = PBXFileReference; fileEncoding = 4; lastKnownFileType = text.plist.xml; path = "GoogleService-Info.plist"; sourceTree = "<group>"; };
		0AF73E1D2A8B3DC400629DD9 /* MultipleImagePicker.swift */ = {isa = PBXFileReference; lastKnownFileType = sourcecode.swift; path = MultipleImagePicker.swift; sourceTree = "<group>"; };
		0AF73E1F2A8B3DDD00629DD9 /* Parent.swift */ = {isa = PBXFileReference; lastKnownFileType = sourcecode.swift; path = Parent.swift; sourceTree = "<group>"; };
		0AF73E212A8B3DEA00629DD9 /* SingleImagePickerScreen.swift */ = {isa = PBXFileReference; lastKnownFileType = sourcecode.swift; path = SingleImagePickerScreen.swift; sourceTree = "<group>"; };
		0AF73E232A8B3DF300629DD9 /* MultipleImagePickerScreen.swift */ = {isa = PBXFileReference; lastKnownFileType = sourcecode.swift; path = MultipleImagePickerScreen.swift; sourceTree = "<group>"; };
/* End PBXFileReference section */

/* Begin PBXFrameworksBuildPhase section */
		0AC20DC32A89F3DD00B49F4B /* Frameworks */ = {
			isa = PBXFrameworksBuildPhase;
			buildActionMask = 2147483647;
			files = (
				0AC20DE32A89F46800B49F4B /* FirebaseAnalyticsSwift in Frameworks */,
				0AC20DDF2A89F46800B49F4B /* FirebaseAnalytics in Frameworks */,
				0AC20DF02A89FDC000B49F4B /* FirebaseAnalytics in Frameworks */,
				0AC20DFA2A89FDC000B49F4B /* FirebaseAppDistribution-Beta in Frameworks */,
				0AC20DE12A89F46800B49F4B /* FirebaseAnalyticsOnDeviceConversion in Frameworks */,
				0AC20DFC2A89FDC000B49F4B /* FirebaseAuth in Frameworks */,
				0AC20DF82A89FDC000B49F4B /* FirebaseAppCheck in Frameworks */,
				0AC20DF62A89FDC000B49F4B /* FirebaseAnalyticsWithoutAdIdSupport in Frameworks */,
				0AC20DF42A89FDC000B49F4B /* FirebaseAnalyticsSwift in Frameworks */,
				0AC20DF22A89FDC000B49F4B /* FirebaseAnalyticsOnDeviceConversion in Frameworks */,
				0AC20DE72A89F46800B49F4B /* FirebaseAppCheck in Frameworks */,
				0AC20DE52A89F46800B49F4B /* FirebaseAnalyticsWithoutAdIdSupport in Frameworks */,
				0AC20DEB2A89F46800B49F4B /* FirebaseAuth in Frameworks */,
				0AC20DE92A89F46800B49F4B /* FirebaseAppDistribution-Beta in Frameworks */,
			);
			runOnlyForDeploymentPostprocessing = 0;
		};
/* End PBXFrameworksBuildPhase section */

/* Begin PBXGroup section */
		0AC20DBD2A89F3DC00B49F4B = {
			isa = PBXGroup;
			children = (
				0AC20DC82A89F3DD00B49F4B /* PhotoPicker */,
				0AC20DC72A89F3DD00B49F4B /* Products */,
			);
			sourceTree = "<group>";
		};
		0AC20DC72A89F3DD00B49F4B /* Products */ = {
			isa = PBXGroup;
			children = (
				0AC20DC62A89F3DD00B49F4B /* PhotoPicker.app */,
			);
			name = Products;
			sourceTree = "<group>";
		};
		0AC20DC82A89F3DD00B49F4B /* PhotoPicker */ = {
			isa = PBXGroup;
			children = (
				0AC20DEC2A89F48900B49F4B /* GoogleService-Info.plist */,
				0AC20DD82A89F3F300B49F4B /* Util */,
				0AC20DD72A89F3ED00B49F4B /* View */,
				0AC20DC92A89F3DD00B49F4B /* PhotoPickerApp.swift */,
				0AC20DCB2A89F3DD00B49F4B /* ContentView.swift */,
				0AC20DCD2A89F3E100B49F4B /* Assets.xcassets */,
				0AC20DCF2A89F3E100B49F4B /* Preview Content */,
			);
			path = PhotoPicker;
			sourceTree = "<group>";
		};
		0AC20DCF2A89F3E100B49F4B /* Preview Content */ = {
			isa = PBXGroup;
			children = (
				0AC20DD02A89F3E100B49F4B /* Preview Assets.xcassets */,
			);
			path = "Preview Content";
			sourceTree = "<group>";
		};
		0AC20DD72A89F3ED00B49F4B /* View */ = {
			isa = PBXGroup;
			children = (
				0AC20DDB2A89F42E00B49F4B /* Home.swift */,
				0AF73E1F2A8B3DDD00629DD9 /* Parent.swift */,
				0AF73E212A8B3DEA00629DD9 /* SingleImagePickerScreen.swift */,
				0AF73E232A8B3DF300629DD9 /* MultipleImagePickerScreen.swift */,
			);
			path = View;
			sourceTree = "<group>";
		};
		0AC20DD82A89F3F300B49F4B /* Util */ = {
			isa = PBXGroup;
			children = (
				0AC20DD92A89F40000B49F4B /* ImagePickerUtil.swift */,
				0AF73E1D2A8B3DC400629DD9 /* MultipleImagePicker.swift */,
			);
			path = Util;
			sourceTree = "<group>";
		};
/* End PBXGroup section */

/* Begin PBXNativeTarget section */
		0AC20DC52A89F3DD00B49F4B /* PhotoPicker */ = {
			isa = PBXNativeTarget;
			buildConfigurationList = 0AC20DD42A89F3E100B49F4B /* Build configuration list for PBXNativeTarget "PhotoPicker" */;
			buildPhases = (
				0AC20DC22A89F3DD00B49F4B /* Sources */,
				0AC20DC32A89F3DD00B49F4B /* Frameworks */,
				0AC20DC42A89F3DD00B49F4B /* Resources */,
			);
			buildRules = (
			);
			dependencies = (
			);
			name = PhotoPicker;
			packageProductDependencies = (
				0AC20DDE2A89F46800B49F4B /* FirebaseAnalytics */,
				0AC20DE02A89F46800B49F4B /* FirebaseAnalyticsOnDeviceConversion */,
				0AC20DE22A89F46800B49F4B /* FirebaseAnalyticsSwift */,
				0AC20DE42A89F46800B49F4B /* FirebaseAnalyticsWithoutAdIdSupport */,
				0AC20DE62A89F46800B49F4B /* FirebaseAppCheck */,
				0AC20DE82A89F46800B49F4B /* FirebaseAppDistribution-Beta */,
				0AC20DEA2A89F46800B49F4B /* FirebaseAuth */,
				0AC20DEF2A89FDC000B49F4B /* FirebaseAnalytics */,
				0AC20DF12A89FDC000B49F4B /* FirebaseAnalyticsOnDeviceConversion */,
				0AC20DF32A89FDC000B49F4B /* FirebaseAnalyticsSwift */,
				0AC20DF52A89FDC000B49F4B /* FirebaseAnalyticsWithoutAdIdSupport */,
				0AC20DF72A89FDC000B49F4B /* FirebaseAppCheck */,
				0AC20DF92A89FDC000B49F4B /* FirebaseAppDistribution-Beta */,
				0AC20DFB2A89FDC000B49F4B /* FirebaseAuth */,
			);
			productName = PhotoPicker;
			productReference = 0AC20DC62A89F3DD00B49F4B /* PhotoPicker.app */;
			productType = "com.apple.product-type.application";
		};
/* End PBXNativeTarget section */

/* Begin PBXProject section */
		0AC20DBE2A89F3DC00B49F4B /* Project object */ = {
			isa = PBXProject;
			attributes = {
				BuildIndependentTargetsInParallel = 1;
				LastSwiftUpdateCheck = 1500;
				LastUpgradeCheck = 1500;
				TargetAttributes = {
					0AC20DC52A89F3DD00B49F4B = {
						CreatedOnToolsVersion = 15.0;
					};
				};
			};
			buildConfigurationList = 0AC20DC12A89F3DC00B49F4B /* Build configuration list for PBXProject "PhotoPicker" */;
			compatibilityVersion = "Xcode 14.0";
			developmentRegion = en;
			hasScannedForEncodings = 0;
			knownRegions = (
				en,
				Base,
			);
			mainGroup = 0AC20DBD2A89F3DC00B49F4B;
			packageReferences = (
				0AC20DDD2A89F46800B49F4B /* XCRemoteSwiftPackageReference "firebase-ios-sdk" */,
				0AC20DEE2A89FDC000B49F4B /* XCRemoteSwiftPackageReference "firebase-ios-sdk" */,
			);
			productRefGroup = 0AC20DC72A89F3DD00B49F4B /* Products */;
			projectDirPath = "";
			projectRoot = "";
			targets = (
				0AC20DC52A89F3DD00B49F4B /* PhotoPicker */,
			);
		};
/* End PBXProject section */

/* Begin PBXResourcesBuildPhase section */
		0AC20DC42A89F3DD00B49F4B /* Resources */ = {
			isa = PBXResourcesBuildPhase;
			buildActionMask = 2147483647;
			files = (
				0AC20DD12A89F3E100B49F4B /* Preview Assets.xcassets in Resources */,
				0AC20DED2A89F48900B49F4B /* GoogleService-Info.plist in Resources */,
				0AC20DCE2A89F3E100B49F4B /* Assets.xcassets in Resources */,
			);
			runOnlyForDeploymentPostprocessing = 0;
		};
/* End PBXResourcesBuildPhase section */

/* Begin PBXSourcesBuildPhase section */
		0AC20DC22A89F3DD00B49F4B /* Sources */ = {
			isa = PBXSourcesBuildPhase;
			buildActionMask = 2147483647;
			files = (
				0AC20DDA2A89F40000B49F4B /* ImagePickerUtil.swift in Sources */,
				0AF73E222A8B3DEA00629DD9 /* SingleImagePickerScreen.swift in Sources */,
				0AC20DCC2A89F3DD00B49F4B /* ContentView.swift in Sources */,
				0AC20DDC2A89F42E00B49F4B /* Home.swift in Sources */,
				0AF73E1E2A8B3DC400629DD9 /* MultipleImagePicker.swift in Sources */,
				0AC20DCA2A89F3DD00B49F4B /* PhotoPickerApp.swift in Sources */,
				0AF73E202A8B3DDD00629DD9 /* Parent.swift in Sources */,
				0AF73E242A8B3DF300629DD9 /* MultipleImagePickerScreen.swift in Sources */,
			);
			runOnlyForDeploymentPostprocessing = 0;
		};
/* End PBXSourcesBuildPhase section */

/* Begin XCBuildConfiguration section */
		0AC20DD22A89F3E100B49F4B /* Debug */ = {
			isa = XCBuildConfiguration;
			buildSettings = {
				ALWAYS_SEARCH_USER_PATHS = NO;
				ASSETCATALOG_COMPILER_GENERATE_SWIFT_ASSET_SYMBOL_EXTENSIONS = YES;
				CLANG_ANALYZER_NONNULL = YES;
				CLANG_ANALYZER_NUMBER_OBJECT_CONVERSION = YES_AGGRESSIVE;
				CLANG_CXX_LANGUAGE_STANDARD = "gnu++20";
				CLANG_ENABLE_MODULES = YES;
				CLANG_ENABLE_OBJC_ARC = YES;
				CLANG_ENABLE_OBJC_WEAK = YES;
				CLANG_WARN_BLOCK_CAPTURE_AUTORELEASING = YES;
				CLANG_WARN_BOOL_CONVERSION = YES;
				CLANG_WARN_COMMA = YES;
				CLANG_WARN_CONSTANT_CONVERSION = YES;
				CLANG_WARN_DEPRECATED_OBJC_IMPLEMENTATIONS = YES;
				CLANG_WARN_DIRECT_OBJC_ISA_USAGE = YES_ERROR;
				CLANG_WARN_DOCUMENTATION_COMMENTS = YES;
				CLANG_WARN_EMPTY_BODY = YES;
				CLANG_WARN_ENUM_CONVERSION = YES;
				CLANG_WARN_INFINITE_RECURSION = YES;
				CLANG_WARN_INT_CONVERSION = YES;
				CLANG_WARN_NON_LITERAL_NULL_CONVERSION = YES;
				CLANG_WARN_OBJC_IMPLICIT_RETAIN_SELF = YES;
				CLANG_WARN_OBJC_LITERAL_CONVERSION = YES;
				CLANG_WARN_OBJC_ROOT_CLASS = YES_ERROR;
				CLANG_WARN_QUOTED_INCLUDE_IN_FRAMEWORK_HEADER = YES;
				CLANG_WARN_RANGE_LOOP_ANALYSIS = YES;
				CLANG_WARN_STRICT_PROTOTYPES = YES;
				CLANG_WARN_SUSPICIOUS_MOVE = YES;
				CLANG_WARN_UNGUARDED_AVAILABILITY = YES_AGGRESSIVE;
				CLANG_WARN_UNREACHABLE_CODE = YES;
				CLANG_WARN__DUPLICATE_METHOD_MATCH = YES;
				COPY_PHASE_STRIP = NO;
				DEBUG_INFORMATION_FORMAT = dwarf;
				ENABLE_STRICT_OBJC_MSGSEND = YES;
				ENABLE_TESTABILITY = YES;
				ENABLE_USER_SCRIPT_SANDBOXING = YES;
				GCC_C_LANGUAGE_STANDARD = gnu17;
				GCC_DYNAMIC_NO_PIC = NO;
				GCC_NO_COMMON_BLOCKS = YES;
				GCC_OPTIMIZATION_LEVEL = 0;
				GCC_PREPROCESSOR_DEFINITIONS = (
					"DEBUG=1",
					"$(inherited)",
				);
				GCC_WARN_64_TO_32_BIT_CONVERSION = YES;
				GCC_WARN_ABOUT_RETURN_TYPE = YES_ERROR;
				GCC_WARN_UNDECLARED_SELECTOR = YES;
				GCC_WARN_UNINITIALIZED_AUTOS = YES_AGGRESSIVE;
				GCC_WARN_UNUSED_FUNCTION = YES;
				GCC_WARN_UNUSED_VARIABLE = YES;
				IPHONEOS_DEPLOYMENT_TARGET = 17.0;
				LOCALIZATION_PREFERS_STRING_CATALOGS = YES;
				MTL_ENABLE_DEBUG_INFO = INCLUDE_SOURCE;
				MTL_FAST_MATH = YES;
				ONLY_ACTIVE_ARCH = YES;
				SDKROOT = iphoneos;
				SWIFT_ACTIVE_COMPILATION_CONDITIONS = "DEBUG $(inherited)";
				SWIFT_OPTIMIZATION_LEVEL = "-Onone";
			};
			name = Debug;
		};
		0AC20DD32A89F3E100B49F4B /* Release */ = {
			isa = XCBuildConfiguration;
			buildSettings = {
				ALWAYS_SEARCH_USER_PATHS = NO;
				ASSETCATALOG_COMPILER_GENERATE_SWIFT_ASSET_SYMBOL_EXTENSIONS = YES;
				CLANG_ANALYZER_NONNULL = YES;
				CLANG_ANALYZER_NUMBER_OBJECT_CONVERSION = YES_AGGRESSIVE;
				CLANG_CXX_LANGUAGE_STANDARD = "gnu++20";
				CLANG_ENABLE_MODULES = YES;
				CLANG_ENABLE_OBJC_ARC = YES;
				CLANG_ENABLE_OBJC_WEAK = YES;
				CLANG_WARN_BLOCK_CAPTURE_AUTORELEASING = YES;
				CLANG_WARN_BOOL_CONVERSION = YES;
				CLANG_WARN_COMMA = YES;
				CLANG_WARN_CONSTANT_CONVERSION = YES;
				CLANG_WARN_DEPRECATED_OBJC_IMPLEMENTATIONS = YES;
				CLANG_WARN_DIRECT_OBJC_ISA_USAGE = YES_ERROR;
				CLANG_WARN_DOCUMENTATION_COMMENTS = YES;
				CLANG_WARN_EMPTY_BODY = YES;
				CLANG_WARN_ENUM_CONVERSION = YES;
				CLANG_WARN_INFINITE_RECURSION = YES;
				CLANG_WARN_INT_CONVERSION = YES;
				CLANG_WARN_NON_LITERAL_NULL_CONVERSION = YES;
				CLANG_WARN_OBJC_IMPLICIT_RETAIN_SELF = YES;
				CLANG_WARN_OBJC_LITERAL_CONVERSION = YES;
				CLANG_WARN_OBJC_ROOT_CLASS = YES_ERROR;
				CLANG_WARN_QUOTED_INCLUDE_IN_FRAMEWORK_HEADER = YES;
				CLANG_WARN_RANGE_LOOP_ANALYSIS = YES;
				CLANG_WARN_STRICT_PROTOTYPES = YES;
				CLANG_WARN_SUSPICIOUS_MOVE = YES;
				CLANG_WARN_UNGUARDED_AVAILABILITY = YES_AGGRESSIVE;
				CLANG_WARN_UNREACHABLE_CODE = YES;
				CLANG_WARN__DUPLICATE_METHOD_MATCH = YES;
				COPY_PHASE_STRIP = NO;
				DEBUG_INFORMATION_FORMAT = "dwarf-with-dsym";
				ENABLE_NS_ASSERTIONS = NO;
				ENABLE_STRICT_OBJC_MSGSEND = YES;
				ENABLE_USER_SCRIPT_SANDBOXING = YES;
				GCC_C_LANGUAGE_STANDARD = gnu17;
				GCC_NO_COMMON_BLOCKS = YES;
				GCC_WARN_64_TO_32_BIT_CONVERSION = YES;
				GCC_WARN_ABOUT_RETURN_TYPE = YES_ERROR;
				GCC_WARN_UNDECLARED_SELECTOR = YES;
				GCC_WARN_UNINITIALIZED_AUTOS = YES_AGGRESSIVE;
				GCC_WARN_UNUSED_FUNCTION = YES;
				GCC_WARN_UNUSED_VARIABLE = YES;
				IPHONEOS_DEPLOYMENT_TARGET = 17.0;
				LOCALIZATION_PREFERS_STRING_CATALOGS = YES;
				MTL_ENABLE_DEBUG_INFO = NO;
				MTL_FAST_MATH = YES;
				SDKROOT = iphoneos;
				SWIFT_COMPILATION_MODE = wholemodule;
				VALIDATE_PRODUCT = YES;
			};
			name = Release;
		};
		0AC20DD52A89F3E100B49F4B /* Debug */ = {
			isa = XCBuildConfiguration;
			buildSettings = {
				ASSETCATALOG_COMPILER_APPICON_NAME = AppIcon;
				ASSETCATALOG_COMPILER_GLOBAL_ACCENT_COLOR_NAME = AccentColor;
				CODE_SIGN_STYLE = Automatic;
				CURRENT_PROJECT_VERSION = 1;
				DEVELOPMENT_ASSET_PATHS = "\"PhotoPicker/Preview Content\"";
				DEVELOPMENT_TEAM = B4C7245FA7;
				ENABLE_PREVIEWS = YES;
				GENERATE_INFOPLIST_FILE = YES;
				INFOPLIST_KEY_UIApplicationSceneManifest_Generation = YES;
				INFOPLIST_KEY_UIApplicationSupportsIndirectInputEvents = YES;
				INFOPLIST_KEY_UILaunchScreen_Generation = YES;
				INFOPLIST_KEY_UISupportedInterfaceOrientations_iPad = "UIInterfaceOrientationPortrait UIInterfaceOrientationPortraitUpsideDown UIInterfaceOrientationLandscapeLeft UIInterfaceOrientationLandscapeRight";
				INFOPLIST_KEY_UISupportedInterfaceOrientations_iPhone = "UIInterfaceOrientationPortrait UIInterfaceOrientationLandscapeLeft UIInterfaceOrientationLandscapeRight";
				IPHONEOS_DEPLOYMENT_TARGET = 16.4;
				LD_RUNPATH_SEARCH_PATHS = (
					"$(inherited)",
					"@executable_path/Frameworks",
				);
				MARKETING_VERSION = 1.0;
				OTHER_LDFLAGS = "-ld64";
				PRODUCT_BUNDLE_IDENTIFIER = kenmaro.PhotoPicker;
				PRODUCT_NAME = "$(TARGET_NAME)";
				SWIFT_EMIT_LOC_STRINGS = YES;
				SWIFT_VERSION = 5.0;
				TARGETED_DEVICE_FAMILY = "1,2";
			};
			name = Debug;
		};
		0AC20DD62A89F3E100B49F4B /* Release */ = {
			isa = XCBuildConfiguration;
			buildSettings = {
				ASSETCATALOG_COMPILER_APPICON_NAME = AppIcon;
				ASSETCATALOG_COMPILER_GLOBAL_ACCENT_COLOR_NAME = AccentColor;
				CODE_SIGN_STYLE = Automatic;
				CURRENT_PROJECT_VERSION = 1;
				DEVELOPMENT_ASSET_PATHS = "\"PhotoPicker/Preview Content\"";
				DEVELOPMENT_TEAM = B4C7245FA7;
				ENABLE_PREVIEWS = YES;
				GENERATE_INFOPLIST_FILE = YES;
				INFOPLIST_KEY_UIApplicationSceneManifest_Generation = YES;
				INFOPLIST_KEY_UIApplicationSupportsIndirectInputEvents = YES;
				INFOPLIST_KEY_UILaunchScreen_Generation = YES;
				INFOPLIST_KEY_UISupportedInterfaceOrientations_iPad = "UIInterfaceOrientationPortrait UIInterfaceOrientationPortraitUpsideDown UIInterfaceOrientationLandscapeLeft UIInterfaceOrientationLandscapeRight";
				INFOPLIST_KEY_UISupportedInterfaceOrientations_iPhone = "UIInterfaceOrientationPortrait UIInterfaceOrientationLandscapeLeft UIInterfaceOrientationLandscapeRight";
				IPHONEOS_DEPLOYMENT_TARGET = 16.4;
				LD_RUNPATH_SEARCH_PATHS = (
					"$(inherited)",
					"@executable_path/Frameworks",
				);
				MARKETING_VERSION = 1.0;
				OTHER_LDFLAGS = "-ld64";
				PRODUCT_BUNDLE_IDENTIFIER = kenmaro.PhotoPicker;
				PRODUCT_NAME = "$(TARGET_NAME)";
				SWIFT_EMIT_LOC_STRINGS = YES;
				SWIFT_VERSION = 5.0;
				TARGETED_DEVICE_FAMILY = "1,2";
			};
			name = Release;
		};
/* End XCBuildConfiguration section */

/* Begin XCConfigurationList section */
		0AC20DC12A89F3DC00B49F4B /* Build configuration list for PBXProject "PhotoPicker" */ = {
			isa = XCConfigurationList;
			buildConfigurations = (
				0AC20DD22A89F3E100B49F4B /* Debug */,
				0AC20DD32A89F3E100B49F4B /* Release */,
			);
			defaultConfigurationIsVisible = 0;
			defaultConfigurationName = Release;
		};
		0AC20DD42A89F3E100B49F4B /* Build configuration list for PBXNativeTarget "PhotoPicker" */ = {
			isa = XCConfigurationList;
			buildConfigurations = (
				0AC20DD52A89F3E100B49F4B /* Debug */,
				0AC20DD62A89F3E100B49F4B /* Release */,
			);
			defaultConfigurationIsVisible = 0;
			defaultConfigurationName = Release;
		};
/* End XCConfigurationList section */

/* Begin XCRemoteSwiftPackageReference section */
		0AC20DDD2A89F46800B49F4B /* XCRemoteSwiftPackageReference "firebase-ios-sdk" */ = {
			isa = XCRemoteSwiftPackageReference;
			repositoryURL = "https://github.com/firebase/firebase-ios-sdk";
			requirement = {
				kind = upToNextMajorVersion;
				minimumVersion = 10.13.0;
			};
		};
		0AC20DEE2A89FDC000B49F4B /* XCRemoteSwiftPackageReference "firebase-ios-sdk" */ = {
			isa = XCRemoteSwiftPackageReference;
			repositoryURL = "https://github.com/firebase/firebase-ios-sdk";
			requirement = {
				kind = upToNextMajorVersion;
				minimumVersion = 10.13.0;
			};
		};
/* End XCRemoteSwiftPackageReference section */

/* Begin XCSwiftPackageProductDependency section */
		0AC20DDE2A89F46800B49F4B /* FirebaseAnalytics */ = {
			isa = XCSwiftPackageProductDependency;
			package = 0AC20DDD2A89F46800B49F4B /* XCRemoteSwiftPackageReference "firebase-ios-sdk" */;
			productName = FirebaseAnalytics;
		};
		0AC20DE02A89F46800B49F4B /* FirebaseAnalyticsOnDeviceConversion */ = {
			isa = XCSwiftPackageProductDependency;
			package = 0AC20DDD2A89F46800B49F4B /* XCRemoteSwiftPackageReference "firebase-ios-sdk" */;
			productName = FirebaseAnalyticsOnDeviceConversion;
		};
		0AC20DE22A89F46800B49F4B /* FirebaseAnalyticsSwift */ = {
			isa = XCSwiftPackageProductDependency;
			package = 0AC20DDD2A89F46800B49F4B /* XCRemoteSwiftPackageReference "firebase-ios-sdk" */;
			productName = FirebaseAnalyticsSwift;
		};
		0AC20DE42A89F46800B49F4B /* FirebaseAnalyticsWithoutAdIdSupport */ = {
			isa = XCSwiftPackageProductDependency;
			package = 0AC20DDD2A89F46800B49F4B /* XCRemoteSwiftPackageReference "firebase-ios-sdk" */;
			productName = FirebaseAnalyticsWithoutAdIdSupport;
		};
		0AC20DE62A89F46800B49F4B /* FirebaseAppCheck */ = {
			isa = XCSwiftPackageProductDependency;
			package = 0AC20DDD2A89F46800B49F4B /* XCRemoteSwiftPackageReference "firebase-ios-sdk" */;
			productName = FirebaseAppCheck;
		};
		0AC20DE82A89F46800B49F4B /* FirebaseAppDistribution-Beta */ = {
			isa = XCSwiftPackageProductDependency;
			package = 0AC20DDD2A89F46800B49F4B /* XCRemoteSwiftPackageReference "firebase-ios-sdk" */;
			productName = "FirebaseAppDistribution-Beta";
		};
		0AC20DEA2A89F46800B49F4B /* FirebaseAuth */ = {
			isa = XCSwiftPackageProductDependency;
			package = 0AC20DDD2A89F46800B49F4B /* XCRemoteSwiftPackageReference "firebase-ios-sdk" */;
			productName = FirebaseAuth;
		};
		0AC20DEF2A89FDC000B49F4B /* FirebaseAnalytics */ = {
			isa = XCSwiftPackageProductDependency;
			package = 0AC20DDD2A89F46800B49F4B /* XCRemoteSwiftPackageReference "firebase-ios-sdk" */;
			productName = FirebaseAnalytics;
		};
		0AC20DF12A89FDC000B49F4B /* FirebaseAnalyticsOnDeviceConversion */ = {
			isa = XCSwiftPackageProductDependency;
			package = 0AC20DDD2A89F46800B49F4B /* XCRemoteSwiftPackageReference "firebase-ios-sdk" */;
			productName = FirebaseAnalyticsOnDeviceConversion;
		};
		0AC20DF32A89FDC000B49F4B /* FirebaseAnalyticsSwift */ = {
			isa = XCSwiftPackageProductDependency;
			package = 0AC20DDD2A89F46800B49F4B /* XCRemoteSwiftPackageReference "firebase-ios-sdk" */;
			productName = FirebaseAnalyticsSwift;
		};
		0AC20DF52A89FDC000B49F4B /* FirebaseAnalyticsWithoutAdIdSupport */ = {
			isa = XCSwiftPackageProductDependency;
			package = 0AC20DDD2A89F46800B49F4B /* XCRemoteSwiftPackageReference "firebase-ios-sdk" */;
			productName = FirebaseAnalyticsWithoutAdIdSupport;
		};
		0AC20DF72A89FDC000B49F4B /* FirebaseAppCheck */ = {
			isa = XCSwiftPackageProductDependency;
			package = 0AC20DDD2A89F46800B49F4B /* XCRemoteSwiftPackageReference "firebase-ios-sdk" */;
			productName = FirebaseAppCheck;
		};
		0AC20DF92A89FDC000B49F4B /* FirebaseAppDistribution-Beta */ = {
			isa = XCSwiftPackageProductDependency;
			package = 0AC20DDD2A89F46800B49F4B /* XCRemoteSwiftPackageReference "firebase-ios-sdk" */;
			productName = "FirebaseAppDistribution-Beta";
		};
		0AC20DFB2A89FDC000B49F4B /* FirebaseAuth */ = {
			isa = XCSwiftPackageProductDependency;
			package = 0AC20DDD2A89F46800B49F4B /* XCRemoteSwiftPackageReference "firebase-ios-sdk" */;
			productName = FirebaseAuth;
		};
/* End XCSwiftPackageProductDependency section */
	};
	rootObject = 0AC20DBE2A89F3DC00B49F4B /* Project object */;
}
